
Microsoft Visual Studio Solution File, Format Version 12.00
# Visual Studio Version 16
VisualStudioVersion = 16.0.32929.386
MinimumVisualStudioVersion = 10.0.40219.1
Project("{FAE04EC0-301F-11D3-BF4B-00C04F79EFBC}") = "WpfApp1", "WpfApp1\WpfApp1.csproj", "{A0FEDE02-1A16-4EAC-A252-D0C02CF24F53}"
EndProject
Project("{FAE04EC0-301F-11D3-BF4B-00C04F79EFBC}") = "WpfApp2", "WpfApp2\WpfApp2.csproj", "{B812FF60-1546-4481-9B9D-34F66105C04B}"
EndProject
Global
	GlobalSection(SolutionConfigurationPlatforms) = preSolution
		Debug|Any CPU = Debug|Any CPU
		Release|Any CPU = Release|Any CPU
	EndGlobalSection
	GlobalSection(ProjectConfigurationPlatforms) = postSolution
		{A0FEDE02-1A16-4EAC-A252-D0C02CF24F53}.Debug|Any CPU.ActiveCfg = Debug|Any CPU
		{A0FEDE02-1A16-4EAC-A252-D0C02CF24F53}.Debug|Any CPU.Build.0 = Debug|Any CPU
		{A0FEDE02-1A16-4EAC-A252-D0C02CF24F53}.Release|Any CPU.ActiveCfg = Release|Any CPU
		{A0FEDE02-1A16-4EAC-A252-D0C02CF24F53}.Release|Any CPU.Build.0 = Release|Any CPU
		{B812FF60-1546-4481-9B9D-34F66105C04B}.Debug|Any CPU.ActiveCfg = Debug|Any CPU
		{B812FF60-1546-4481-9B9D-34F66105C04B}.Debug|Any CPU.Build.0 = Debug|Any CPU
		{B812FF60-1546-4481-9B9D-34F66105C04B}.Release|Any CPU.ActiveCfg = Release|Any CPU
		{B812FF60-1546-4481-9B9D-34F66105C04B}.Release|Any CPU.Build.0 = Release|Any CPU
	EndGlobalSection
	GlobalSection(SolutionProperties) = preSolution
		HideSolutionNode = FALSE
	EndGlobalSection
	GlobalSection(ExtensibilityGlobals) = postSolution
		SolutionGuid = {5C57501B-1A62-445A-B1F7-C48E3C52F499}
	EndGlobalSection
EndGlobal
